{
    "version": 3,
    "terraform_version": "0.11.13",
    "serial": 30,
    "lineage": "4368d4f2-7864-d808-d465-f4a81c271739",
    "modules": [
        {
            "path": [
                "root"
            ],
            "outputs": {},
            "resources": {
                "aws_eip.lb": {
                    "type": "aws_eip",
                    "depends_on": [
                        "aws_instance.mmh"
                    ],
                    "primary": {
                        "id": "eipalloc-03199d5d151c01dd3",
                        "attributes": {
                            "association_id": "eipassoc-00b00d7a5e771718e",
                            "domain": "vpc",
                            "id": "eipalloc-03199d5d151c01dd3",
                            "instance": "i-0b1908ce88a4124df",
                            "network_interface": "eni-0acb365f5560c0fcf",
                            "private_dns": "ip-10-7-0-231.eu-west-3.compute.internal",
                            "private_ip": "10.7.0.231",
                            "public_dns": "ec2-35-181-150-252.eu-west-3.compute.amazonaws.com",
                            "public_ip": "35.181.150.252",
                            "public_ipv4_pool": "amazon",
                            "tags.%": "0",
                            "vpc": "true"
                        },
                        "meta": {
                            "e2bfb730-ecaa-11e6-8f88-34363bc7c4c0": {
                                "delete": 180000000000,
                                "read": 900000000000,
                                "update": 300000000000
                            }
                        },
                        "tainted": false
                    },
                    "deposed": [],
                    "provider": "provider.aws"
                },
                "aws_instance.mmh": {
                    "type": "aws_instance",
                    "depends_on": [],
                    "primary": {
                        "id": "i-0b1908ce88a4124df",
                        "attributes": {
                            "ami": "ami-5026902d",
                            "arn": "arn:aws:ec2:eu-west-3:093469567457:instance/i-0b1908ce88a4124df",
                            "associate_public_ip_address": "false",
                            "availability_zone": "eu-west-3a",
                            "cpu_core_count": "2",
                            "cpu_threads_per_core": "1",
                            "credit_specification.#": "1",
                            "credit_specification.0.cpu_credits": "standard",
                            "disable_api_termination": "false",
                            "ebs_block_device.#": "0",
                            "ebs_optimized": "false",
                            "ephemeral_block_device.#": "0",
                            "get_password_data": "false",
                            "iam_instance_profile": "",
                            "id": "i-0b1908ce88a4124df",
                            "instance_state": "running",
                            "instance_type": "t2.large",
                            "ipv6_address_count": "0",
                            "ipv6_addresses.#": "0",
                            "key_name": "key_ali",
                            "monitoring": "false",
                            "network_interface.#": "0",
                            "password_data": "",
                            "placement_group": "",
                            "primary_network_interface_id": "eni-0acb365f5560c0fcf",
                            "private_dns": "ip-10-7-0-231.eu-west-3.compute.internal",
                            "private_ip": "10.7.0.231",
                            "public_dns": "",
                            "public_ip": "",
                            "root_block_device.#": "1",
                            "root_block_device.0.delete_on_termination": "true",
                            "root_block_device.0.encrypted": "false",
                            "root_block_device.0.iops": "100",
                            "root_block_device.0.kms_key_id": "",
                            "root_block_device.0.volume_id": "vol-0b2c1ee106a5fec60",
                            "root_block_device.0.volume_size": "10",
                            "root_block_device.0.volume_type": "gp2",
                            "security_groups.#": "0",
                            "source_dest_check": "true",
                            "subnet_id": "subnet-0d2bb6e06da744a13",
                            "tags.%": "1",
                            "tags.Name": "server_ali_test",
                            "tenancy": "default",
                            "user_data": "cff1fbe8f70dba0ba5a2be7644d9858cc832b564",
                            "volume_tags.%": "0",
                            "vpc_security_group_ids.#": "1",
                            "vpc_security_group_ids.262445070": "sg-09d08b7ac276e318b"
                        },
                        "meta": {
                            "e2bfb730-ecaa-11e6-8f88-34363bc7c4c0": {
                                "create": 600000000000,
                                "delete": 1200000000000,
                                "update": 600000000000
                            },
                            "schema_version": "1"
                        },
                        "tainted": false
                    },
                    "deposed": [],
                    "provider": "provider.aws"
                },
                "aws_vpc.mmh_vpc": {
                    "type": "aws_vpc",
                    "depends_on": [],
                    "primary": {
                        "id": "vpc-0bca599e90201e673",
                        "attributes": {
                            "arn": "arn:aws:ec2:eu-west-3:093469567457:vpc/vpc-0bca599e90201e673",
                            "assign_generated_ipv6_cidr_block": "false",
                            "cidr_block": "10.7.0.0/24",
                            "default_network_acl_id": "acl-089c367b7d363d6b4",
                            "default_route_table_id": "rtb-04f04e444c897f8b5",
                            "default_security_group_id": "sg-0cea4fc9d02158abd",
                            "dhcp_options_id": "dopt-94471ffd",
                            "enable_dns_hostnames": "false",
                            "enable_dns_support": "true",
                            "id": "vpc-0bca599e90201e673",
                            "instance_tenancy": "default",
                            "ipv6_association_id": "",
                            "ipv6_cidr_block": "",
                            "main_route_table_id": "rtb-04f04e444c897f8b5",
                            "owner_id": "093469567457",
                            "tags.%": "0"
                        },
                        "meta": {
                            "schema_version": "1"
                        },
                        "tainted": false
                    },
                    "deposed": [],
                    "provider": "provider.aws"
                }
            },
            "depends_on": []
        }
    ]
}
